
Microsoft Visual Studio Solution File, Format Version 12.00
# Visual Studio 15
VisualStudioVersion = 15.0.27428.2015
MinimumVisualStudioVersion = 10.0.40219.1
Project("{FAE04EC0-301F-11D3-BF4B-00C04F79EFBC}") = "Kamshilov_csh", "Kamshilov_csh\Kamshilov_csh.csproj", "{D800C6FC-406B-418B-A17F-9AF4C00C33E5}"
	ProjectSection(ProjectDependencies) = postProject
		{D2243161-C29B-4730-8600-58F437771B48} = {D2243161-C29B-4730-8600-58F437771B48}
	EndProjectSection
EndProject
Project("{8BC9CEB8-8B4A-11D0-8D11-00A0C91BC942}") = "Kamshilov_cpl", "Kamshilov_cpl\Kamshilov_cpl.vcxproj", "{D2243161-C29B-4730-8600-58F437771B48}"
EndProject
Project("{8BC9CEB8-8B4A-11D0-8D11-00A0C91BC942}") = "MFCLibrary1", "MFCLibrary1\MFCLibrary1.vcxproj", "{EACCD6D7-5D00-4C5D-9701-BA3991FCF50F}"
EndProject
Global
	GlobalSection(SolutionConfigurationPlatforms) = preSolution
		Debug|Any CPU = Debug|Any CPU
		Debug|x64 = Debug|x64
		Debug|x86 = Debug|x86
		Release|Any CPU = Release|Any CPU
		Release|x64 = Release|x64
		Release|x86 = Release|x86
	EndGlobalSection
	GlobalSection(ProjectConfigurationPlatforms) = postSolution
		{D800C6FC-406B-418B-A17F-9AF4C00C33E5}.Debug|Any CPU.ActiveCfg = Debug|Any CPU
		{D800C6FC-406B-418B-A17F-9AF4C00C33E5}.Debug|Any CPU.Build.0 = Debug|Any CPU
		{D800C6FC-406B-418B-A17F-9AF4C00C33E5}.Debug|x64.ActiveCfg = Debug|Any CPU
		{D800C6FC-406B-418B-A17F-9AF4C00C33E5}.Debug|x64.Build.0 = Debug|Any CPU
		{D800C6FC-406B-418B-A17F-9AF4C00C33E5}.Debug|x86.ActiveCfg = Debug|Any CPU
		{D800C6FC-406B-418B-A17F-9AF4C00C33E5}.Debug|x86.Build.0 = Debug|Any CPU
		{D800C6FC-406B-418B-A17F-9AF4C00C33E5}.Release|Any CPU.ActiveCfg = Release|Any CPU
		{D800C6FC-406B-418B-A17F-9AF4C00C33E5}.Release|Any CPU.Build.0 = Release|Any CPU
		{D800C6FC-406B-418B-A17F-9AF4C00C33E5}.Release|x64.ActiveCfg = Release|Any CPU
		{D800C6FC-406B-418B-A17F-9AF4C00C33E5}.Release|x64.Build.0 = Release|Any CPU
		{D800C6FC-406B-418B-A17F-9AF4C00C33E5}.Release|x86.ActiveCfg = Release|Any CPU
		{D800C6FC-406B-418B-A17F-9AF4C00C33E5}.Release|x86.Build.0 = Release|Any CPU
		{D2243161-C29B-4730-8600-58F437771B48}.Debug|Any CPU.ActiveCfg = Debug|Win32
		{D2243161-C29B-4730-8600-58F437771B48}.Debug|x64.ActiveCfg = Debug|x64
		{D2243161-C29B-4730-8600-58F437771B48}.Debug|x64.Build.0 = Debug|x64
		{D2243161-C29B-4730-8600-58F437771B48}.Debug|x86.ActiveCfg = Debug|Win32
		{D2243161-C29B-4730-8600-58F437771B48}.Debug|x86.Build.0 = Debug|Win32
		{D2243161-C29B-4730-8600-58F437771B48}.Release|Any CPU.ActiveCfg = Release|Win32
		{D2243161-C29B-4730-8600-58F437771B48}.Release|x64.ActiveCfg = Release|x64
		{D2243161-C29B-4730-8600-58F437771B48}.Release|x64.Build.0 = Release|x64
		{D2243161-C29B-4730-8600-58F437771B48}.Release|x86.ActiveCfg = Release|Win32
		{D2243161-C29B-4730-8600-58F437771B48}.Release|x86.Build.0 = Release|Win32
		{EACCD6D7-5D00-4C5D-9701-BA3991FCF50F}.Debug|Any CPU.ActiveCfg = Debug|Win32
		{EACCD6D7-5D00-4C5D-9701-BA3991FCF50F}.Debug|x64.ActiveCfg = Debug|x64
		{EACCD6D7-5D00-4C5D-9701-BA3991FCF50F}.Debug|x64.Build.0 = Debug|x64
		{EACCD6D7-5D00-4C5D-9701-BA3991FCF50F}.Debug|x86.ActiveCfg = Debug|Win32
		{EACCD6D7-5D00-4C5D-9701-BA3991FCF50F}.Debug|x86.Build.0 = Debug|Win32
		{EACCD6D7-5D00-4C5D-9701-BA3991FCF50F}.Release|Any CPU.ActiveCfg = Release|Win32
		{EACCD6D7-5D00-4C5D-9701-BA3991FCF50F}.Release|x64.ActiveCfg = Release|x64
		{EACCD6D7-5D00-4C5D-9701-BA3991FCF50F}.Release|x64.Build.0 = Release|x64
		{EACCD6D7-5D00-4C5D-9701-BA3991FCF50F}.Release|x86.ActiveCfg = Release|Win32
		{EACCD6D7-5D00-4C5D-9701-BA3991FCF50F}.Release|x86.Build.0 = Release|Win32
	EndGlobalSection
	GlobalSection(SolutionProperties) = preSolution
		HideSolutionNode = FALSE
	EndGlobalSection
	GlobalSection(ExtensibilityGlobals) = postSolution
		SolutionGuid = {856F2D1E-374B-4686-A6FB-1042E5D3EBA6}
	EndGlobalSection
EndGlobal
